// !$*UTF8*$!
{
	archiveVersion = 1;
	classes = {
	};
	objectVersion = 46;
	objects = {

/* Begin PBXBuildFile section */
		CC331A4213F2B62100998821 /* hmac.c in Sources */ = {isa = PBXBuildFile; fileRef = CC331A4113F2B62100998821 /* hmac.c */; };
		CC331A4413F2B64100998821 /* hmac.h in Headers */ = {isa = PBXBuildFile; fileRef = CC331A4313F2B64100998821 /* hmac.h */; };
		CC331A4613F2B6A900998821 /* buf.h in Headers */ = {isa = PBXBuildFile; fileRef = CC331A4513F2B6A900998821 /* buf.h */; };
		CC331A4813F2B6C900998821 /* buf.c in Sources */ = {isa = PBXBuildFile; fileRef = CC331A4713F2B6C900998821 /* buf.c */; };
		CC331A4A13F2C2D200998821 /* libcrypto.dylib in Frameworks */ = {isa = PBXBuildFile; fileRef = CC331A4913F2C2D200998821 /* libcrypto.dylib */; };
		CC331A4C13F2C40B00998821 /* pws.c in Sources */ = {isa = PBXBuildFile; fileRef = CC331A4B13F2C40B00998821 /* pws.c */; };
		CC331A4E13F2C45500998821 /* twofish.c in Sources */ = {isa = PBXBuildFile; fileRef = CC331A4D13F2C45500998821 /* twofish.c */; };
		CC331A5013F2C46800998821 /* twofish.h in Headers */ = {isa = PBXBuildFile; fileRef = CC331A4F13F2C46800998821 /* twofish.h */; };
		CC331A5913F2C4BA00998821 /* main.c in Sources */ = {isa = PBXBuildFile; fileRef = CC331A5813F2C4BA00998821 /* main.c */; };
		CC331A5B13F2C4BA00998821 /* pws.1 in CopyFiles */ = {isa = PBXBuildFile; fileRef = CC331A5A13F2C4BA00998821 /* pws.1 */; };
		CC331A6013F2C6C500998821 /* pws.h in Headers */ = {isa = PBXBuildFile; fileRef = CC331A5F13F2C6C500998821 /* pws.h */; };
		CC331A6113F2C74300998821 /* liblibpws.dylib in Frameworks */ = {isa = PBXBuildFile; fileRef = CC331A3A13F2B56E00998821 /* liblibpws.dylib */; };
/* End PBXBuildFile section */

/* Begin PBXCopyFilesBuildPhase section */
		CC331A5313F2C4BA00998821 /* CopyFiles */ = {
			isa = PBXCopyFilesBuildPhase;
			buildActionMask = 2147483647;
			dstPath = /usr/share/man/man1/;
			dstSubfolderSpec = 0;
			files = (
				CC331A5B13F2C4BA00998821 /* pws.1 in CopyFiles */,
			);
			runOnlyForDeploymentPostprocessing = 1;
		};
/* End PBXCopyFilesBuildPhase section */

/* Begin PBXFileReference section */
		CC331A3A13F2B56E00998821 /* liblibpws.dylib */ = {isa = PBXFileReference; explicitFileType = "compiled.mach-o.dylib"; includeInIndex = 0; path = liblibpws.dylib; sourceTree = BUILT_PRODUCTS_DIR; };
		CC331A4113F2B62100998821 /* hmac.c */ = {isa = PBXFileReference; fileEncoding = 4; lastKnownFileType = sourcecode.c.c; path = hmac.c; sourceTree = "<group>"; };
		CC331A4313F2B64100998821 /* hmac.h */ = {isa = PBXFileReference; fileEncoding = 4; lastKnownFileType = sourcecode.c.h; path = hmac.h; sourceTree = "<group>"; };
		CC331A4513F2B6A900998821 /* buf.h */ = {isa = PBXFileReference; fileEncoding = 4; lastKnownFileType = sourcecode.c.h; path = buf.h; sourceTree = "<group>"; };
		CC331A4713F2B6C900998821 /* buf.c */ = {isa = PBXFileReference; fileEncoding = 4; lastKnownFileType = sourcecode.c.c; path = buf.c; sourceTree = "<group>"; };
		CC331A4913F2C2D200998821 /* libcrypto.dylib */ = {isa = PBXFileReference; lastKnownFileType = "compiled.mach-o.dylib"; name = libcrypto.dylib; path = usr/lib/libcrypto.dylib; sourceTree = SDKROOT; };
		CC331A4B13F2C40B00998821 /* pws.c */ = {isa = PBXFileReference; fileEncoding = 4; lastKnownFileType = sourcecode.c.c; path = pws.c; sourceTree = "<group>"; };
		CC331A4D13F2C45500998821 /* twofish.c */ = {isa = PBXFileReference; fileEncoding = 4; lastKnownFileType = sourcecode.c.c; path = twofish.c; sourceTree = "<group>"; };
		CC331A4F13F2C46800998821 /* twofish.h */ = {isa = PBXFileReference; fileEncoding = 4; lastKnownFileType = sourcecode.c.h; path = twofish.h; sourceTree = "<group>"; };
		CC331A5513F2C4BA00998821 /* pws */ = {isa = PBXFileReference; explicitFileType = "compiled.mach-o.executable"; includeInIndex = 0; path = pws; sourceTree = BUILT_PRODUCTS_DIR; };
		CC331A5813F2C4BA00998821 /* main.c */ = {isa = PBXFileReference; lastKnownFileType = sourcecode.c.c; path = main.c; sourceTree = "<group>"; };
		CC331A5A13F2C4BA00998821 /* pws.1 */ = {isa = PBXFileReference; lastKnownFileType = text.man; path = pws.1; sourceTree = "<group>"; };
		CC331A5F13F2C6C500998821 /* pws.h */ = {isa = PBXFileReference; fileEncoding = 4; lastKnownFileType = sourcecode.c.h; path = pws.h; sourceTree = "<group>"; };
/* End PBXFileReference section */

/* Begin PBXFrameworksBuildPhase section */
		CC331A3713F2B56E00998821 /* Frameworks */ = {
			isa = PBXFrameworksBuildPhase;
			buildActionMask = 2147483647;
			files = (
				CC331A4A13F2C2D200998821 /* libcrypto.dylib in Frameworks */,
			);
			runOnlyForDeploymentPostprocessing = 0;
		};
		CC331A5213F2C4BA00998821 /* Frameworks */ = {
			isa = PBXFrameworksBuildPhase;
			buildActionMask = 2147483647;
			files = (
				CC331A6113F2C74300998821 /* liblibpws.dylib in Frameworks */,
			);
			runOnlyForDeploymentPostprocessing = 0;
		};
/* End PBXFrameworksBuildPhase section */

/* Begin PBXGroup section */
		CC331A2F13F2B56E00998821 = {
			isa = PBXGroup;
			children = (
				CC331A5F13F2C6C500998821 /* pws.h */,
				CC331A4F13F2C46800998821 /* twofish.h */,
				CC331A4D13F2C45500998821 /* twofish.c */,
				CC331A4B13F2C40B00998821 /* pws.c */,
				CC331A4913F2C2D200998821 /* libcrypto.dylib */,
				CC331A4113F2B62100998821 /* hmac.c */,
				CC331A4313F2B64100998821 /* hmac.h */,
				CC331A4513F2B6A900998821 /* buf.h */,
				CC331A4713F2B6C900998821 /* buf.c */,
				CC331A5713F2C4BA00998821 /* pws */,
				CC331A3B13F2B56E00998821 /* Products */,
			);
			sourceTree = "<group>";
		};
		CC331A3B13F2B56E00998821 /* Products */ = {
			isa = PBXGroup;
			children = (
				CC331A3A13F2B56E00998821 /* liblibpws.dylib */,
				CC331A5513F2C4BA00998821 /* pws */,
			);
			name = Products;
			sourceTree = "<group>";
		};
		CC331A5713F2C4BA00998821 /* pws */ = {
			isa = PBXGroup;
			children = (
				CC331A5813F2C4BA00998821 /* main.c */,
				CC331A5A13F2C4BA00998821 /* pws.1 */,
			);
			path = pws;
			sourceTree = "<group>";
		};
/* End PBXGroup section */

/* Begin PBXHeadersBuildPhase section */
		CC331A3813F2B56E00998821 /* Headers */ = {
			isa = PBXHeadersBuildPhase;
			buildActionMask = 2147483647;
			files = (
				CC331A4413F2B64100998821 /* hmac.h in Headers */,
				CC331A4613F2B6A900998821 /* buf.h in Headers */,
				CC331A5013F2C46800998821 /* twofish.h in Headers */,
				CC331A6013F2C6C500998821 /* pws.h in Headers */,
			);
			runOnlyForDeploymentPostprocessing = 0;
		};
/* End PBXHeadersBuildPhase section */

/* Begin PBXNativeTarget section */
		CC331A3913F2B56E00998821 /* libpws */ = {
			isa = PBXNativeTarget;
			buildConfigurationList = CC331A3E13F2B56E00998821 /* Build configuration list for PBXNativeTarget "libpws" */;
			buildPhases = (
				CC331A3613F2B56E00998821 /* Sources */,
				CC331A3713F2B56E00998821 /* Frameworks */,
				CC331A3813F2B56E00998821 /* Headers */,
			);
			buildRules = (
			);
			dependencies = (
			);
			name = libpws;
			productName = libpws;
			productReference = CC331A3A13F2B56E00998821 /* liblibpws.dylib */;
			productType = "com.apple.product-type.library.dynamic";
		};
		CC331A5413F2C4BA00998821 /* pws */ = {
			isa = PBXNativeTarget;
			buildConfigurationList = CC331A5C13F2C4BA00998821 /* Build configuration list for PBXNativeTarget "pws" */;
			buildPhases = (
				CC331A5113F2C4BA00998821 /* Sources */,
				CC331A5213F2C4BA00998821 /* Frameworks */,
				CC331A5313F2C4BA00998821 /* CopyFiles */,
			);
			buildRules = (
			);
			dependencies = (
			);
			name = pws;
			productName = pws;
			productReference = CC331A5513F2C4BA00998821 /* pws */;
			productType = "com.apple.product-type.tool";
		};
/* End PBXNativeTarget section */

/* Begin PBXProject section */
		CC331A3113F2B56E00998821 /* Project object */ = {
			isa = PBXProject;
			buildConfigurationList = CC331A3413F2B56E00998821 /* Build configuration list for PBXProject "libpws" */;
			compatibilityVersion = "Xcode 3.2";
			developmentRegion = English;
			hasScannedForEncodings = 0;
			knownRegions = (
				en,
			);
			mainGroup = CC331A2F13F2B56E00998821;
			productRefGroup = CC331A3B13F2B56E00998821 /* Products */;
			projectDirPath = "";
			projectRoot = "";
			targets = (
				CC331A3913F2B56E00998821 /* libpws */,
				CC331A5413F2C4BA00998821 /* pws */,
			);
		};
/* End PBXProject section */

/* Begin PBXSourcesBuildPhase section */
		CC331A3613F2B56E00998821 /* Sources */ = {
			isa = PBXSourcesBuildPhase;
			buildActionMask = 2147483647;
			files = (
				CC331A4213F2B62100998821 /* hmac.c in Sources */,
				CC331A4813F2B6C900998821 /* buf.c in Sources */,
				CC331A4C13F2C40B00998821 /* pws.c in Sources */,
				CC331A4E13F2C45500998821 /* twofish.c in Sources */,
			);
			runOnlyForDeploymentPostprocessing = 0;
		};
		CC331A5113F2C4BA00998821 /* Sources */ = {
			isa = PBXSourcesBuildPhase;
			buildActionMask = 2147483647;
			files = (
				CC331A5913F2C4BA00998821 /* main.c in Sources */,
			);
			runOnlyForDeploymentPostprocessing = 0;
		};
/* End PBXSourcesBuildPhase section */

/* Begin XCBuildConfiguration section */
		CC331A3C13F2B56E00998821 /* Debug */ = {
			isa = XCBuildConfiguration;
			buildSettings = {
				ALWAYS_SEARCH_USER_PATHS = NO;
				ARCHS = "$(ARCHS_STANDARD_64_BIT)";
				COPY_PHASE_STRIP = NO;
				GCC_C_LANGUAGE_STANDARD = gnu99;
				GCC_DYNAMIC_NO_PIC = NO;
				GCC_ENABLE_OBJC_EXCEPTIONS = YES;
				GCC_OPTIMIZATION_LEVEL = 0;
				GCC_PREPROCESSOR_DEFINITIONS = (
					"DEBUG=1",
					"$(inherited)",
				);
				GCC_SYMBOLS_PRIVATE_EXTERN = NO;
				GCC_VERSION = com.apple.compilers.llvm.clang.1_0;
				GCC_WARN_64_TO_32_BIT_CONVERSION = YES;
				GCC_WARN_ABOUT_MISSING_PROTOTYPES = YES;
				GCC_WARN_ABOUT_RETURN_TYPE = YES;
				GCC_WARN_UNUSED_VARIABLE = YES;
				MACOSX_DEPLOYMENT_TARGET = 10.7;
				ONLY_ACTIVE_ARCH = YES;
				SDKROOT = macosx;
			};
			name = Debug;
		};
		CC331A3D13F2B56E00998821 /* Release */ = {
			isa = XCBuildConfiguration;
			buildSettings = {
				ALWAYS_SEARCH_USER_PATHS = NO;
				ARCHS = "$(ARCHS_STANDARD_64_BIT)";
				COPY_PHASE_STRIP = YES;
				DEBUG_INFORMATION_FORMAT = "dwarf-with-dsym";
				GCC_C_LANGUAGE_STANDARD = gnu99;
				GCC_ENABLE_OBJC_EXCEPTIONS = YES;
				GCC_VERSION = com.apple.compilers.llvm.clang.1_0;
				GCC_WARN_64_TO_32_BIT_CONVERSION = YES;
				GCC_WARN_ABOUT_MISSING_PROTOTYPES = YES;
				GCC_WARN_ABOUT_RETURN_TYPE = YES;
				GCC_WARN_UNUSED_VARIABLE = YES;
				MACOSX_DEPLOYMENT_TARGET = 10.7;
				SDKROOT = macosx;
			};
			name = Release;
		};
		CC331A3F13F2B56E00998821 /* Debug */ = {
			isa = XCBuildConfiguration;
			buildSettings = {
				EXECUTABLE_PREFIX = lib;
				PRODUCT_NAME = "$(TARGET_NAME)";
			};
			name = Debug;
		};
		CC331A4013F2B56E00998821 /* Release */ = {
			isa = XCBuildConfiguration;
			buildSettings = {
				EXECUTABLE_PREFIX = lib;
				PRODUCT_NAME = "$(TARGET_NAME)";
			};
			name = Release;
		};
		CC331A5D13F2C4BA00998821 /* Debug */ = {
			isa = XCBuildConfiguration;
			buildSettings = {
				PRODUCT_NAME = "$(TARGET_NAME)";
			};
			name = Debug;
		};
		CC331A5E13F2C4BA00998821 /* Release */ = {
			isa = XCBuildConfiguration;
			buildSettings = {
				PRODUCT_NAME = "$(TARGET_NAME)";
			};
			name = Release;
		};
/* End XCBuildConfiguration section */

/* Begin XCConfigurationList section */
		CC331A3413F2B56E00998821 /* Build configuration list for PBXProject "libpws" */ = {
			isa = XCConfigurationList;
			buildConfigurations = (
				CC331A3C13F2B56E00998821 /* Debug */,
				CC331A3D13F2B56E00998821 /* Release */,
			);
			defaultConfigurationIsVisible = 0;
			defaultConfigurationName = Release;
		};
		CC331A3E13F2B56E00998821 /* Build configuration list for PBXNativeTarget "libpws" */ = {
			isa = XCConfigurationList;
			buildConfigurations = (
				CC331A3F13F2B56E00998821 /* Debug */,
				CC331A4013F2B56E00998821 /* Release */,
			);
			defaultConfigurationIsVisible = 0;
		};
		CC331A5C13F2C4BA00998821 /* Build configuration list for PBXNativeTarget "pws" */ = {
			isa = XCConfigurationList;
			buildConfigurations = (
				CC331A5D13F2C4BA00998821 /* Debug */,
				CC331A5E13F2C4BA00998821 /* Release */,
			);
			defaultConfigurationIsVisible = 0;
		};
/* End XCConfigurationList section */
	};
	rootObject = CC331A3113F2B56E00998821 /* Project object */;
}
